{
  "requires": true,
  "lockfileVersion": 1,
  "dependencies": {
    "browserslist": {
      "version": "4.9.1",
      "resolved": "https://registry.npmjs.org/browserslist/-/browserslist-4.9.1.tgz",
      "integrity": "sha512-Q0DnKq20End3raFulq6Vfp1ecB9fh8yUNV55s8sekaDDeqBaCtWlRHCUdaWyUeSSBJM7IbM6HcsyaeYqgeDhnw==",
      "requires": {
        "caniuse-lite": "^1.0.30001030",
        "electron-to-chromium": "^1.3.363",
        "node-releases": "^1.1.50"
      }
    },
    "caniuse-lite": {
      "version": "1.0.30001035",
      "resolved": "https://registry.npmjs.org/caniuse-lite/-/caniuse-lite-1.0.30001035.tgz",
      "integrity": "sha512-C1ZxgkuA4/bUEdMbU5WrGY4+UhMFFiXrgNAfxiMIqWgFTWfv/xsZCS2xEHT2LMq7xAZfuAnu6mcqyDl0ZR6wLQ=="
    },
    "electron-to-chromium": {
      "version": "1.3.621",
      "resolved": "https://registry.npmjs.org/electron-to-chromium/-/electron-to-chromium-1.3.621.tgz",
      "integrity": "sha512-FeIuBzArONbAmKmZIsZIFGu/Gc9AVGlVeVbhCq+G2YIl6QkT0TDn2HKN/FMf1btXEB9kEmIuQf3/lBTVAbmFOg=="
    },
    "node-releases": {
      "version": "1.1.67",
      "resolved": "https://registry.npmjs.org/node-releases/-/node-releases-1.1.67.tgz",
      "integrity": "sha512-V5QF9noGFl3EymEwUYzO+3NTDpGfQB4ve6Qfnzf3UNydMhjQRVPR1DZTuvWiLzaFJYw2fmDwAfnRNEVb64hSIg=="
    }
  }
}
